
Microsoft Visual Studio Solution File, Format Version 12.00
# Visual Studio 2013
VisualStudioVersion = 12.0.21005.1
MinimumVisualStudioVersion = 10.0.40219.1
Project("{FAE04EC0-301F-11D3-BF4B-00C04F79EFBC}") = "Crm.ImportAuditLog", "Crm.ImportAuditLog\Crm.ImportAuditLog.csproj", "{396675DD-4515-48A1-BCC4-69A3442818B7}"
EndProject
Project("{00D1A9C2-B5F0-4AF3-8072-F6C62B433612}") = "db", "db\db.sqlproj", "{695FBDB6-CBAD-46DE-A08A-64D62813DBED}"
EndProject
Global
	GlobalSection(SolutionConfigurationPlatforms) = preSolution
		Debug|Any CPU = Debug|Any CPU
		Release|Any CPU = Release|Any CPU
	EndGlobalSection
	GlobalSection(ProjectConfigurationPlatforms) = postSolution
		{396675DD-4515-48A1-BCC4-69A3442818B7}.Debug|Any CPU.ActiveCfg = Debug|Any CPU
		{396675DD-4515-48A1-BCC4-69A3442818B7}.Debug|Any CPU.Build.0 = Debug|Any CPU
		{396675DD-4515-48A1-BCC4-69A3442818B7}.Release|Any CPU.ActiveCfg = Release|Any CPU
		{396675DD-4515-48A1-BCC4-69A3442818B7}.Release|Any CPU.Build.0 = Release|Any CPU
		{695FBDB6-CBAD-46DE-A08A-64D62813DBED}.Debug|Any CPU.ActiveCfg = Debug|Any CPU
		{695FBDB6-CBAD-46DE-A08A-64D62813DBED}.Debug|Any CPU.Build.0 = Debug|Any CPU
		{695FBDB6-CBAD-46DE-A08A-64D62813DBED}.Debug|Any CPU.Deploy.0 = Debug|Any CPU
		{695FBDB6-CBAD-46DE-A08A-64D62813DBED}.Release|Any CPU.ActiveCfg = Release|Any CPU
		{695FBDB6-CBAD-46DE-A08A-64D62813DBED}.Release|Any CPU.Build.0 = Release|Any CPU
		{695FBDB6-CBAD-46DE-A08A-64D62813DBED}.Release|Any CPU.Deploy.0 = Release|Any CPU
	EndGlobalSection
	GlobalSection(SolutionProperties) = preSolution
		HideSolutionNode = FALSE
	EndGlobalSection
	GlobalSection(ExtensibilityGlobals) = postSolution
		EnterpriseLibraryConfigurationToolBinariesPathV6 = packages\EnterpriseLibrary.Common.6.0.1304.0\lib\NET45;packages\EnterpriseLibrary.Logging.6.0.1304.0\lib\NET45
	EndGlobalSection
EndGlobal
